
Microsoft Visual Studio Solution File, Format Version 12.00
# Visual Studio Version 16
VisualStudioVersion = 16.0.31205.134
MinimumVisualStudioVersion = 10.0.40219.1
Project("{888888A0-9F3D-457C-B088-3A5042F75D52}") = "Interlink", "Interlink\Interlink.pyproj", "{167D84F2-9ED0-40D4-A00F-FC87A7CCDA2B}"
EndProject
Global
	GlobalSection(SolutionConfigurationPlatforms) = preSolution
		Debug|Any CPU = Debug|Any CPU
		Release|Any CPU = Release|Any CPU
	EndGlobalSection
	GlobalSection(ProjectConfigurationPlatforms) = postSolution
		{167D84F2-9ED0-40D4-A00F-FC87A7CCDA2B}.Debug|Any CPU.ActiveCfg = Debug|Any CPU
		{167D84F2-9ED0-40D4-A00F-FC87A7CCDA2B}.Release|Any CPU.ActiveCfg = Release|Any CPU
	EndGlobalSection
	GlobalSection(SolutionProperties) = preSolution
		HideSolutionNode = FALSE
	EndGlobalSection
	GlobalSection(ExtensibilityGlobals) = postSolution
		SolutionGuid = {DEF8CB5F-3691-40E4-B1C4-0534913E0B0C}
	EndGlobalSection
EndGlobal
